
Microsoft Visual Studio Solution File, Format Version 12.00
# Visual Studio Version 16
VisualStudioVersion = 16.0.31911.196
MinimumVisualStudioVersion = 10.0.40219.1
Project("{FAE04EC0-301F-11D3-BF4B-00C04F79EFBC}") = "Arreglos", "Arreglos.csproj", "{9F661CB3-01AB-434B-A87D-7B3742299FE3}"
EndProject
Global
	GlobalSection(SolutionConfigurationPlatforms) = preSolution
		Debug|Any CPU = Debug|Any CPU
		Release|Any CPU = Release|Any CPU
	EndGlobalSection
	GlobalSection(ProjectConfigurationPlatforms) = postSolution
		{9F661CB3-01AB-434B-A87D-7B3742299FE3}.Debug|Any CPU.ActiveCfg = Debug|Any CPU
		{9F661CB3-01AB-434B-A87D-7B3742299FE3}.Debug|Any CPU.Build.0 = Debug|Any CPU
		{9F661CB3-01AB-434B-A87D-7B3742299FE3}.Release|Any CPU.ActiveCfg = Release|Any CPU
		{9F661CB3-01AB-434B-A87D-7B3742299FE3}.Release|Any CPU.Build.0 = Release|Any CPU
	EndGlobalSection
	GlobalSection(SolutionProperties) = preSolution
		HideSolutionNode = FALSE
	EndGlobalSection
	GlobalSection(ExtensibilityGlobals) = postSolution
		SolutionGuid = {E6281B23-37D5-491F-8288-6B7E1617E759}
	EndGlobalSection
EndGlobal
