
Microsoft Visual Studio Solution File, Format Version 12.00
# Visual Studio Version 16
VisualStudioVersion = 16.0.31911.196
MinimumVisualStudioVersion = 10.0.40219.1
Project("{FAE04EC0-301F-11D3-BF4B-00C04F79EFBC}") = "Constructores", "Constructores.csproj", "{C16184C7-DBA1-4C95-89C8-4E61808519F1}"
EndProject
Global
	GlobalSection(SolutionConfigurationPlatforms) = preSolution
		Debug|Any CPU = Debug|Any CPU
		Release|Any CPU = Release|Any CPU
	EndGlobalSection
	GlobalSection(ProjectConfigurationPlatforms) = postSolution
		{C16184C7-DBA1-4C95-89C8-4E61808519F1}.Debug|Any CPU.ActiveCfg = Debug|Any CPU
		{C16184C7-DBA1-4C95-89C8-4E61808519F1}.Debug|Any CPU.Build.0 = Debug|Any CPU
		{C16184C7-DBA1-4C95-89C8-4E61808519F1}.Release|Any CPU.ActiveCfg = Release|Any CPU
		{C16184C7-DBA1-4C95-89C8-4E61808519F1}.Release|Any CPU.Build.0 = Release|Any CPU
	EndGlobalSection
	GlobalSection(SolutionProperties) = preSolution
		HideSolutionNode = FALSE
	EndGlobalSection
	GlobalSection(ExtensibilityGlobals) = postSolution
		SolutionGuid = {4C6602C4-46D7-4BB3-9FC2-837FC545FB49}
	EndGlobalSection
EndGlobal
