
Microsoft Visual Studio Solution File, Format Version 12.00
# Visual Studio Version 16
VisualStudioVersion = 16.0.31911.196
MinimumVisualStudioVersion = 10.0.40219.1
Project("{FAE04EC0-301F-11D3-BF4B-00C04F79EFBC}") = "Ciclos2", "Ciclos2.csproj", "{C02BB6EB-EB02-4247-A5F4-011585BAB89B}"
EndProject
Global
	GlobalSection(SolutionConfigurationPlatforms) = preSolution
		Debug|Any CPU = Debug|Any CPU
		Release|Any CPU = Release|Any CPU
	EndGlobalSection
	GlobalSection(ProjectConfigurationPlatforms) = postSolution
		{C02BB6EB-EB02-4247-A5F4-011585BAB89B}.Debug|Any CPU.ActiveCfg = Debug|Any CPU
		{C02BB6EB-EB02-4247-A5F4-011585BAB89B}.Debug|Any CPU.Build.0 = Debug|Any CPU
		{C02BB6EB-EB02-4247-A5F4-011585BAB89B}.Release|Any CPU.ActiveCfg = Release|Any CPU
		{C02BB6EB-EB02-4247-A5F4-011585BAB89B}.Release|Any CPU.Build.0 = Release|Any CPU
	EndGlobalSection
	GlobalSection(SolutionProperties) = preSolution
		HideSolutionNode = FALSE
	EndGlobalSection
	GlobalSection(ExtensibilityGlobals) = postSolution
		SolutionGuid = {3717F392-147F-499A-A7B0-6227C875B46D}
	EndGlobalSection
EndGlobal
